
Microsoft Visual Studio Solution File, Format Version 12.00
# Visual Studio Version 16
VisualStudioVersion = 16.0.30804.86
MinimumVisualStudioVersion = 10.0.40219.1
Project("{9A19103F-16F7-4668-BE54-9A1E7A4F7556}") = "TntSearch.Core", "TntSearch.Core\TntSearch.Core.csproj", "{4EAF7231-57B5-44C8-A3BD-A3BDBEB702FF}"
EndProject
Project("{FAE04EC0-301F-11D3-BF4B-00C04F79EFBC}") = "TntSearch.Droid", "TntSearch.Droid\TntSearch.Droid.csproj", "{73A819C1-43E3-4E79-9B22-623829B3E503}"
EndProject
Project("{FAE04EC0-301F-11D3-BF4B-00C04F79EFBC}") = "TntSearch.Ios", "TntSearch.Ios\TntSearch.Ios.csproj", "{0ADFA82B-64F0-48ED-AB59-23E81B9684B3}"
EndProject
Project("{2150E333-8FDC-42A3-9474-1A3956D46DE8}") = "Solution Items", "Solution Items", "{4FA92A9B-99B8-4CA7-AB89-F5BF4C13B38B}"
	ProjectSection(SolutionItems) = preProject
		Directory.Build.props = Directory.Build.props
	EndProjectSection
EndProject
Project("{FAE04EC0-301F-11D3-BF4B-00C04F79EFBC}") = "TntSearch.Uwp", "TntSearch.Uwp\TntSearch.Uwp.csproj", "{01E9560E-8536-47B9-9769-21B80829DCFE}"
EndProject
Project("{FAE04EC0-301F-11D3-BF4B-00C04F79EFBC}") = "IncrementalCollection.Core", "IncrementalCollection.Core\IncrementalCollection.Core.csproj", "{5699AB3A-8679-4CDA-BAA4-7341CA3CCDB1}"
EndProject
Project("{FAE04EC0-301F-11D3-BF4B-00C04F79EFBC}") = "IncrementalCollection.Uwp", "IncrementalCollection.Uwp\IncrementalCollection.Uwp.csproj", "{73FDE1E7-0A79-4E5A-8B54-B0399658BE9F}"
EndProject
Global
	GlobalSection(SolutionConfigurationPlatforms) = preSolution
		Debug|Any CPU = Debug|Any CPU
		Debug|ARM = Debug|ARM
		Debug|ARM64 = Debug|ARM64
		Debug|iPhone = Debug|iPhone
		Debug|iPhoneSimulator = Debug|iPhoneSimulator
		Debug|x64 = Debug|x64
		Debug|x86 = Debug|x86
		Release|Any CPU = Release|Any CPU
		Release|ARM = Release|ARM
		Release|ARM64 = Release|ARM64
		Release|iPhone = Release|iPhone
		Release|iPhoneSimulator = Release|iPhoneSimulator
		Release|x64 = Release|x64
		Release|x86 = Release|x86
	EndGlobalSection
	GlobalSection(ProjectConfigurationPlatforms) = postSolution
		{4EAF7231-57B5-44C8-A3BD-A3BDBEB702FF}.Debug|Any CPU.ActiveCfg = Debug|Any CPU
		{4EAF7231-57B5-44C8-A3BD-A3BDBEB702FF}.Debug|Any CPU.Build.0 = Debug|Any CPU
		{4EAF7231-57B5-44C8-A3BD-A3BDBEB702FF}.Debug|ARM.ActiveCfg = Debug|Any CPU
		{4EAF7231-57B5-44C8-A3BD-A3BDBEB702FF}.Debug|ARM.Build.0 = Debug|Any CPU
		{4EAF7231-57B5-44C8-A3BD-A3BDBEB702FF}.Debug|ARM64.ActiveCfg = Debug|Any CPU
		{4EAF7231-57B5-44C8-A3BD-A3BDBEB702FF}.Debug|ARM64.Build.0 = Debug|Any CPU
		{4EAF7231-57B5-44C8-A3BD-A3BDBEB702FF}.Debug|iPhone.ActiveCfg = Debug|Any CPU
		{4EAF7231-57B5-44C8-A3BD-A3BDBEB702FF}.Debug|iPhone.Build.0 = Debug|Any CPU
		{4EAF7231-57B5-44C8-A3BD-A3BDBEB702FF}.Debug|iPhoneSimulator.ActiveCfg = Debug|Any CPU
		{4EAF7231-57B5-44C8-A3BD-A3BDBEB702FF}.Debug|iPhoneSimulator.Build.0 = Debug|Any CPU
		{4EAF7231-57B5-44C8-A3BD-A3BDBEB702FF}.Debug|x64.ActiveCfg = Debug|Any CPU
		{4EAF7231-57B5-44C8-A3BD-A3BDBEB702FF}.Debug|x64.Build.0 = Debug|Any CPU
		{4EAF7231-57B5-44C8-A3BD-A3BDBEB702FF}.Debug|x86.ActiveCfg = Debug|Any CPU
		{4EAF7231-57B5-44C8-A3BD-A3BDBEB702FF}.Debug|x86.Build.0 = Debug|Any CPU
		{4EAF7231-57B5-44C8-A3BD-A3BDBEB702FF}.Release|Any CPU.ActiveCfg = Release|Any CPU
		{4EAF7231-57B5-44C8-A3BD-A3BDBEB702FF}.Release|Any CPU.Build.0 = Release|Any CPU
		{4EAF7231-57B5-44C8-A3BD-A3BDBEB702FF}.Release|ARM.ActiveCfg = Release|Any CPU
		{4EAF7231-57B5-44C8-A3BD-A3BDBEB702FF}.Release|ARM.Build.0 = Release|Any CPU
		{4EAF7231-57B5-44C8-A3BD-A3BDBEB702FF}.Release|ARM64.ActiveCfg = Release|Any CPU
		{4EAF7231-57B5-44C8-A3BD-A3BDBEB702FF}.Release|ARM64.Build.0 = Release|Any CPU
		{4EAF7231-57B5-44C8-A3BD-A3BDBEB702FF}.Release|iPhone.ActiveCfg = Release|Any CPU
		{4EAF7231-57B5-44C8-A3BD-A3BDBEB702FF}.Release|iPhone.Build.0 = Release|Any CPU
		{4EAF7231-57B5-44C8-A3BD-A3BDBEB702FF}.Release|iPhoneSimulator.ActiveCfg = Release|Any CPU
		{4EAF7231-57B5-44C8-A3BD-A3BDBEB702FF}.Release|iPhoneSimulator.Build.0 = Release|Any CPU
		{4EAF7231-57B5-44C8-A3BD-A3BDBEB702FF}.Release|x64.ActiveCfg = Release|Any CPU
		{4EAF7231-57B5-44C8-A3BD-A3BDBEB702FF}.Release|x64.Build.0 = Release|Any CPU
		{4EAF7231-57B5-44C8-A3BD-A3BDBEB702FF}.Release|x86.ActiveCfg = Release|Any CPU
		{4EAF7231-57B5-44C8-A3BD-A3BDBEB702FF}.Release|x86.Build.0 = Release|Any CPU
		{73A819C1-43E3-4E79-9B22-623829B3E503}.Debug|Any CPU.ActiveCfg = Debug|Any CPU
		{73A819C1-43E3-4E79-9B22-623829B3E503}.Debug|Any CPU.Build.0 = Debug|Any CPU
		{73A819C1-43E3-4E79-9B22-623829B3E503}.Debug|Any CPU.Deploy.0 = Debug|Any CPU
		{73A819C1-43E3-4E79-9B22-623829B3E503}.Debug|ARM.ActiveCfg = Debug|Any CPU
		{73A819C1-43E3-4E79-9B22-623829B3E503}.Debug|ARM.Build.0 = Debug|Any CPU
		{73A819C1-43E3-4E79-9B22-623829B3E503}.Debug|ARM.Deploy.0 = Debug|Any CPU
		{73A819C1-43E3-4E79-9B22-623829B3E503}.Debug|ARM64.ActiveCfg = Debug|Any CPU
		{73A819C1-43E3-4E79-9B22-623829B3E503}.Debug|ARM64.Build.0 = Debug|Any CPU
		{73A819C1-43E3-4E79-9B22-623829B3E503}.Debug|ARM64.Deploy.0 = Debug|Any CPU
		{73A819C1-43E3-4E79-9B22-623829B3E503}.Debug|iPhone.ActiveCfg = Debug|Any CPU
		{73A819C1-43E3-4E79-9B22-623829B3E503}.Debug|iPhone.Build.0 = Debug|Any CPU
		{73A819C1-43E3-4E79-9B22-623829B3E503}.Debug|iPhone.Deploy.0 = Debug|Any CPU
		{73A819C1-43E3-4E79-9B22-623829B3E503}.Debug|iPhoneSimulator.ActiveCfg = Debug|Any CPU
		{73A819C1-43E3-4E79-9B22-623829B3E503}.Debug|iPhoneSimulator.Build.0 = Debug|Any CPU
		{73A819C1-43E3-4E79-9B22-623829B3E503}.Debug|iPhoneSimulator.Deploy.0 = Debug|Any CPU
		{73A819C1-43E3-4E79-9B22-623829B3E503}.Debug|x64.ActiveCfg = Debug|Any CPU
		{73A819C1-43E3-4E79-9B22-623829B3E503}.Debug|x64.Build.0 = Debug|Any CPU
		{73A819C1-43E3-4E79-9B22-623829B3E503}.Debug|x64.Deploy.0 = Debug|Any CPU
		{73A819C1-43E3-4E79-9B22-623829B3E503}.Debug|x86.ActiveCfg = Debug|Any CPU
		{73A819C1-43E3-4E79-9B22-623829B3E503}.Debug|x86.Build.0 = Debug|Any CPU
		{73A819C1-43E3-4E79-9B22-623829B3E503}.Debug|x86.Deploy.0 = Debug|Any CPU
		{73A819C1-43E3-4E79-9B22-623829B3E503}.Release|Any CPU.ActiveCfg = Release|Any CPU
		{73A819C1-43E3-4E79-9B22-623829B3E503}.Release|Any CPU.Build.0 = Release|Any CPU
		{73A819C1-43E3-4E79-9B22-623829B3E503}.Release|Any CPU.Deploy.0 = Release|Any CPU
		{73A819C1-43E3-4E79-9B22-623829B3E503}.Release|ARM.ActiveCfg = Release|Any CPU
		{73A819C1-43E3-4E79-9B22-623829B3E503}.Release|ARM.Build.0 = Release|Any CPU
		{73A819C1-43E3-4E79-9B22-623829B3E503}.Release|ARM.Deploy.0 = Release|Any CPU
		{73A819C1-43E3-4E79-9B22-623829B3E503}.Release|ARM64.ActiveCfg = Release|Any CPU
		{73A819C1-43E3-4E79-9B22-623829B3E503}.Release|ARM64.Build.0 = Release|Any CPU
		{73A819C1-43E3-4E79-9B22-623829B3E503}.Release|ARM64.Deploy.0 = Release|Any CPU
		{73A819C1-43E3-4E79-9B22-623829B3E503}.Release|iPhone.ActiveCfg = Release|Any CPU
		{73A819C1-43E3-4E79-9B22-623829B3E503}.Release|iPhone.Build.0 = Release|Any CPU
		{73A819C1-43E3-4E79-9B22-623829B3E503}.Release|iPhone.Deploy.0 = Release|Any CPU
		{73A819C1-43E3-4E79-9B22-623829B3E503}.Release|iPhoneSimulator.ActiveCfg = Release|Any CPU
		{73A819C1-43E3-4E79-9B22-623829B3E503}.Release|iPhoneSimulator.Build.0 = Release|Any CPU
		{73A819C1-43E3-4E79-9B22-623829B3E503}.Release|iPhoneSimulator.Deploy.0 = Release|Any CPU
		{73A819C1-43E3-4E79-9B22-623829B3E503}.Release|x64.ActiveCfg = Release|Any CPU
		{73A819C1-43E3-4E79-9B22-623829B3E503}.Release|x64.Build.0 = Release|Any CPU
		{73A819C1-43E3-4E79-9B22-623829B3E503}.Release|x64.Deploy.0 = Release|Any CPU
		{73A819C1-43E3-4E79-9B22-623829B3E503}.Release|x86.ActiveCfg = Release|Any CPU
		{73A819C1-43E3-4E79-9B22-623829B3E503}.Release|x86.Build.0 = Release|Any CPU
		{73A819C1-43E3-4E79-9B22-623829B3E503}.Release|x86.Deploy.0 = Release|Any CPU
		{0ADFA82B-64F0-48ED-AB59-23E81B9684B3}.Debug|Any CPU.ActiveCfg = Debug|iPhoneSimulator
		{0ADFA82B-64F0-48ED-AB59-23E81B9684B3}.Debug|ARM.ActiveCfg = Debug|iPhoneSimulator
		{0ADFA82B-64F0-48ED-AB59-23E81B9684B3}.Debug|ARM64.ActiveCfg = Debug|iPhoneSimulator
		{0ADFA82B-64F0-48ED-AB59-23E81B9684B3}.Debug|iPhone.ActiveCfg = Debug|iPhone
		{0ADFA82B-64F0-48ED-AB59-23E81B9684B3}.Debug|iPhone.Build.0 = Debug|iPhone
		{0ADFA82B-64F0-48ED-AB59-23E81B9684B3}.Debug|iPhoneSimulator.ActiveCfg = Debug|iPhoneSimulator
		{0ADFA82B-64F0-48ED-AB59-23E81B9684B3}.Debug|iPhoneSimulator.Build.0 = Debug|iPhoneSimulator
		{0ADFA82B-64F0-48ED-AB59-23E81B9684B3}.Debug|x64.ActiveCfg = Debug|iPhoneSimulator
		{0ADFA82B-64F0-48ED-AB59-23E81B9684B3}.Debug|x86.ActiveCfg = Debug|iPhoneSimulator
		{0ADFA82B-64F0-48ED-AB59-23E81B9684B3}.Release|Any CPU.ActiveCfg = Release|iPhoneSimulator
		{0ADFA82B-64F0-48ED-AB59-23E81B9684B3}.Release|ARM.ActiveCfg = Release|iPhoneSimulator
		{0ADFA82B-64F0-48ED-AB59-23E81B9684B3}.Release|ARM64.ActiveCfg = Release|iPhoneSimulator
		{0ADFA82B-64F0-48ED-AB59-23E81B9684B3}.Release|iPhone.ActiveCfg = Release|iPhone
		{0ADFA82B-64F0-48ED-AB59-23E81B9684B3}.Release|iPhone.Build.0 = Release|iPhone
		{0ADFA82B-64F0-48ED-AB59-23E81B9684B3}.Release|iPhoneSimulator.ActiveCfg = Release|iPhoneSimulator
		{0ADFA82B-64F0-48ED-AB59-23E81B9684B3}.Release|iPhoneSimulator.Build.0 = Release|iPhoneSimulator
		{0ADFA82B-64F0-48ED-AB59-23E81B9684B3}.Release|x64.ActiveCfg = Release|iPhoneSimulator
		{0ADFA82B-64F0-48ED-AB59-23E81B9684B3}.Release|x86.ActiveCfg = Release|iPhoneSimulator
		{01E9560E-8536-47B9-9769-21B80829DCFE}.Debug|Any CPU.ActiveCfg = Debug|x86
		{01E9560E-8536-47B9-9769-21B80829DCFE}.Debug|ARM.ActiveCfg = Debug|ARM
		{01E9560E-8536-47B9-9769-21B80829DCFE}.Debug|ARM.Build.0 = Debug|ARM
		{01E9560E-8536-47B9-9769-21B80829DCFE}.Debug|ARM.Deploy.0 = Debug|ARM
		{01E9560E-8536-47B9-9769-21B80829DCFE}.Debug|ARM64.ActiveCfg = Debug|ARM64
		{01E9560E-8536-47B9-9769-21B80829DCFE}.Debug|ARM64.Build.0 = Debug|ARM64
		{01E9560E-8536-47B9-9769-21B80829DCFE}.Debug|ARM64.Deploy.0 = Debug|ARM64
		{01E9560E-8536-47B9-9769-21B80829DCFE}.Debug|iPhone.ActiveCfg = Debug|x86
		{01E9560E-8536-47B9-9769-21B80829DCFE}.Debug|iPhoneSimulator.ActiveCfg = Debug|x86
		{01E9560E-8536-47B9-9769-21B80829DCFE}.Debug|x64.ActiveCfg = Debug|x64
		{01E9560E-8536-47B9-9769-21B80829DCFE}.Debug|x64.Build.0 = Debug|x64
		{01E9560E-8536-47B9-9769-21B80829DCFE}.Debug|x64.Deploy.0 = Debug|x64
		{01E9560E-8536-47B9-9769-21B80829DCFE}.Debug|x86.ActiveCfg = Debug|x86
		{01E9560E-8536-47B9-9769-21B80829DCFE}.Debug|x86.Build.0 = Debug|x86
		{01E9560E-8536-47B9-9769-21B80829DCFE}.Debug|x86.Deploy.0 = Debug|x86
		{01E9560E-8536-47B9-9769-21B80829DCFE}.Release|Any CPU.ActiveCfg = Release|x86
		{01E9560E-8536-47B9-9769-21B80829DCFE}.Release|ARM.ActiveCfg = Release|ARM
		{01E9560E-8536-47B9-9769-21B80829DCFE}.Release|ARM.Build.0 = Release|ARM
		{01E9560E-8536-47B9-9769-21B80829DCFE}.Release|ARM.Deploy.0 = Release|ARM
		{01E9560E-8536-47B9-9769-21B80829DCFE}.Release|ARM64.ActiveCfg = Release|ARM64
		{01E9560E-8536-47B9-9769-21B80829DCFE}.Release|ARM64.Build.0 = Release|ARM64
		{01E9560E-8536-47B9-9769-21B80829DCFE}.Release|ARM64.Deploy.0 = Release|ARM64
		{01E9560E-8536-47B9-9769-21B80829DCFE}.Release|iPhone.ActiveCfg = Release|x86
		{01E9560E-8536-47B9-9769-21B80829DCFE}.Release|iPhoneSimulator.ActiveCfg = Release|x86
		{01E9560E-8536-47B9-9769-21B80829DCFE}.Release|x64.ActiveCfg = Release|x64
		{01E9560E-8536-47B9-9769-21B80829DCFE}.Release|x64.Build.0 = Release|x64
		{01E9560E-8536-47B9-9769-21B80829DCFE}.Release|x64.Deploy.0 = Release|x64
		{01E9560E-8536-47B9-9769-21B80829DCFE}.Release|x86.ActiveCfg = Release|x86
		{01E9560E-8536-47B9-9769-21B80829DCFE}.Release|x86.Build.0 = Release|x86
		{01E9560E-8536-47B9-9769-21B80829DCFE}.Release|x86.Deploy.0 = Release|x86
		{5699AB3A-8679-4CDA-BAA4-7341CA3CCDB1}.Debug|Any CPU.ActiveCfg = Debug|Any CPU
		{5699AB3A-8679-4CDA-BAA4-7341CA3CCDB1}.Debug|Any CPU.Build.0 = Debug|Any CPU
		{5699AB3A-8679-4CDA-BAA4-7341CA3CCDB1}.Debug|ARM.ActiveCfg = Debug|Any CPU
		{5699AB3A-8679-4CDA-BAA4-7341CA3CCDB1}.Debug|ARM.Build.0 = Debug|Any CPU
		{5699AB3A-8679-4CDA-BAA4-7341CA3CCDB1}.Debug|ARM64.ActiveCfg = Debug|Any CPU
		{5699AB3A-8679-4CDA-BAA4-7341CA3CCDB1}.Debug|ARM64.Build.0 = Debug|Any CPU
		{5699AB3A-8679-4CDA-BAA4-7341CA3CCDB1}.Debug|iPhone.ActiveCfg = Debug|Any CPU
		{5699AB3A-8679-4CDA-BAA4-7341CA3CCDB1}.Debug|iPhone.Build.0 = Debug|Any CPU
		{5699AB3A-8679-4CDA-BAA4-7341CA3CCDB1}.Debug|iPhoneSimulator.ActiveCfg = Debug|Any CPU
		{5699AB3A-8679-4CDA-BAA4-7341CA3CCDB1}.Debug|iPhoneSimulator.Build.0 = Debug|Any CPU
		{5699AB3A-8679-4CDA-BAA4-7341CA3CCDB1}.Debug|x64.ActiveCfg = Debug|Any CPU
		{5699AB3A-8679-4CDA-BAA4-7341CA3CCDB1}.Debug|x64.Build.0 = Debug|Any CPU
		{5699AB3A-8679-4CDA-BAA4-7341CA3CCDB1}.Debug|x86.ActiveCfg = Debug|Any CPU
		{5699AB3A-8679-4CDA-BAA4-7341CA3CCDB1}.Debug|x86.Build.0 = Debug|Any CPU
		{5699AB3A-8679-4CDA-BAA4-7341CA3CCDB1}.Release|Any CPU.ActiveCfg = Release|Any CPU
		{5699AB3A-8679-4CDA-BAA4-7341CA3CCDB1}.Release|Any CPU.Build.0 = Release|Any CPU
		{5699AB3A-8679-4CDA-BAA4-7341CA3CCDB1}.Release|ARM.ActiveCfg = Release|Any CPU
		{5699AB3A-8679-4CDA-BAA4-7341CA3CCDB1}.Release|ARM.Build.0 = Release|Any CPU
		{5699AB3A-8679-4CDA-BAA4-7341CA3CCDB1}.Release|ARM64.ActiveCfg = Release|Any CPU
		{5699AB3A-8679-4CDA-BAA4-7341CA3CCDB1}.Release|ARM64.Build.0 = Release|Any CPU
		{5699AB3A-8679-4CDA-BAA4-7341CA3CCDB1}.Release|iPhone.ActiveCfg = Release|Any CPU
		{5699AB3A-8679-4CDA-BAA4-7341CA3CCDB1}.Release|iPhone.Build.0 = Release|Any CPU
		{5699AB3A-8679-4CDA-BAA4-7341CA3CCDB1}.Release|iPhoneSimulator.ActiveCfg = Release|Any CPU
		{5699AB3A-8679-4CDA-BAA4-7341CA3CCDB1}.Release|iPhoneSimulator.Build.0 = Release|Any CPU
		{5699AB3A-8679-4CDA-BAA4-7341CA3CCDB1}.Release|x64.ActiveCfg = Release|Any CPU
		{5699AB3A-8679-4CDA-BAA4-7341CA3CCDB1}.Release|x64.Build.0 = Release|Any CPU
		{5699AB3A-8679-4CDA-BAA4-7341CA3CCDB1}.Release|x86.ActiveCfg = Release|Any CPU
		{5699AB3A-8679-4CDA-BAA4-7341CA3CCDB1}.Release|x86.Build.0 = Release|Any CPU
		{73FDE1E7-0A79-4E5A-8B54-B0399658BE9F}.Debug|Any CPU.ActiveCfg = Debug|Any CPU
		{73FDE1E7-0A79-4E5A-8B54-B0399658BE9F}.Debug|Any CPU.Build.0 = Debug|Any CPU
		{73FDE1E7-0A79-4E5A-8B54-B0399658BE9F}.Debug|ARM.ActiveCfg = Debug|ARM
		{73FDE1E7-0A79-4E5A-8B54-B0399658BE9F}.Debug|ARM.Build.0 = Debug|ARM
		{73FDE1E7-0A79-4E5A-8B54-B0399658BE9F}.Debug|ARM64.ActiveCfg = Debug|ARM64
		{73FDE1E7-0A79-4E5A-8B54-B0399658BE9F}.Debug|ARM64.Build.0 = Debug|ARM64
		{73FDE1E7-0A79-4E5A-8B54-B0399658BE9F}.Debug|iPhone.ActiveCfg = Debug|Any CPU
		{73FDE1E7-0A79-4E5A-8B54-B0399658BE9F}.Debug|iPhone.Build.0 = Debug|Any CPU
		{73FDE1E7-0A79-4E5A-8B54-B0399658BE9F}.Debug|iPhoneSimulator.ActiveCfg = Debug|Any CPU
		{73FDE1E7-0A79-4E5A-8B54-B0399658BE9F}.Debug|iPhoneSimulator.Build.0 = Debug|Any CPU
		{73FDE1E7-0A79-4E5A-8B54-B0399658BE9F}.Debug|x64.ActiveCfg = Debug|x64
		{73FDE1E7-0A79-4E5A-8B54-B0399658BE9F}.Debug|x64.Build.0 = Debug|x64
		{73FDE1E7-0A79-4E5A-8B54-B0399658BE9F}.Debug|x86.ActiveCfg = Debug|x86
		{73FDE1E7-0A79-4E5A-8B54-B0399658BE9F}.Debug|x86.Build.0 = Debug|x86
		{73FDE1E7-0A79-4E5A-8B54-B0399658BE9F}.Release|Any CPU.ActiveCfg = Release|Any CPU
		{73FDE1E7-0A79-4E5A-8B54-B0399658BE9F}.Release|Any CPU.Build.0 = Release|Any CPU
		{73FDE1E7-0A79-4E5A-8B54-B0399658BE9F}.Release|ARM.ActiveCfg = Release|ARM
		{73FDE1E7-0A79-4E5A-8B54-B0399658BE9F}.Release|ARM.Build.0 = Release|ARM
		{73FDE1E7-0A79-4E5A-8B54-B0399658BE9F}.Release|ARM64.ActiveCfg = Release|ARM64
		{73FDE1E7-0A79-4E5A-8B54-B0399658BE9F}.Release|ARM64.Build.0 = Release|ARM64
		{73FDE1E7-0A79-4E5A-8B54-B0399658BE9F}.Release|iPhone.ActiveCfg = Release|Any CPU
		{73FDE1E7-0A79-4E5A-8B54-B0399658BE9F}.Release|iPhone.Build.0 = Release|Any CPU
		{73FDE1E7-0A79-4E5A-8B54-B0399658BE9F}.Release|iPhoneSimulator.ActiveCfg = Release|Any CPU
		{73FDE1E7-0A79-4E5A-8B54-B0399658BE9F}.Release|iPhoneSimulator.Build.0 = Release|Any CPU
		{73FDE1E7-0A79-4E5A-8B54-B0399658BE9F}.Release|x64.ActiveCfg = Release|x64
		{73FDE1E7-0A79-4E5A-8B54-B0399658BE9F}.Release|x64.Build.0 = Release|x64
		{73FDE1E7-0A79-4E5A-8B54-B0399658BE9F}.Release|x86.ActiveCfg = Release|x86
		{73FDE1E7-0A79-4E5A-8B54-B0399658BE9F}.Release|x86.Build.0 = Release|x86
	EndGlobalSection
	GlobalSection(SolutionProperties) = preSolution
		HideSolutionNode = FALSE
	EndGlobalSection
	GlobalSection(ExtensibilityGlobals) = postSolution
		SolutionGuid = {0AACFE02-E627-4603-8E37-AF4330C60980}
	EndGlobalSection
EndGlobal
